
Microsoft Visual Studio Solution File, Format Version 12.00
# Visual Studio Version 16
VisualStudioVersion = 16.0.29411.108
MinimumVisualStudioVersion = 10.0.40219.1
Project("{2150E333-8FDC-42A3-9474-1A3956D46DE8}") = "Solution Items", "Solution Items", "{8F54B5E2-A42E-43B8-BE66-8442CEF7BD93}"
EndProject
Project("{2150E333-8FDC-42A3-9474-1A3956D46DE8}") = "src", "src", "{760CA4CF-9417-46C5-89A7-BA57D06604C4}"
EndProject
Project("{2150E333-8FDC-42A3-9474-1A3956D46DE8}") = "Services", "Services", "{896B6686-774F-4E59-9B70-95325AB6DF24}"
EndProject
Project("{2150E333-8FDC-42A3-9474-1A3956D46DE8}") = "Pedidos", "Pedidos", "{4E156E71-B5E7-46F2-AB9E-A751A86BFA73}"
EndProject
Project("{9A19103F-16F7-4668-BE54-9A1E7A4F7556}") = "Pedidos.Api", "src\Services\Pedidos\Pedidos.Api\Pedidos.Api.csproj", "{593DF2A3-A5E2-4730-B574-F9AEC1043B92}"
EndProject
Project("{9A19103F-16F7-4668-BE54-9A1E7A4F7556}") = "Pedidos.Domain", "src\Services\Pedidos\Pedidos.Domain\Pedidos.Domain.csproj", "{CB8D3D97-14BE-498C-AB2D-3ADEA8CD29CD}"
EndProject
Project("{9A19103F-16F7-4668-BE54-9A1E7A4F7556}") = "Pedidos.Infrastructure", "src\Services\Pedidos\Pedidos.Infrastructure\Pedidos.Infrastructure.csproj", "{A7025DFF-D5C2-448B-8030-DFBC6EC57964}"
EndProject
Project("{9A19103F-16F7-4668-BE54-9A1E7A4F7556}") = "Pedidos.Application", "src\Services\Pedidos\Pedidos.Application\Pedidos.Application.csproj", "{D5F0F7FA-2A9A-42B5-B687-F5B68A4B17A0}"
EndProject
Project("{9A19103F-16F7-4668-BE54-9A1E7A4F7556}") = "Pedidos.Infrastructure.IoC", "src\Services\Pedidos\Pedidos.Infrastructure.IoC\Pedidos.Infrastructure.IoC.csproj", "{D044A3DA-1EE9-4CC3-B09A-11A517CAA167}"
EndProject
Project("{2150E333-8FDC-42A3-9474-1A3956D46DE8}") = "Web Apps", "Web Apps", "{B60B66CC-078A-4D6E-90DD-9E306650598D}"
EndProject
Project("{2150E333-8FDC-42A3-9474-1A3956D46DE8}") = "tests", "tests", "{3064F257-B2F4-4D1A-B1C3-232E76CFD0C1}"
EndProject
Project("{2150E333-8FDC-42A3-9474-1A3956D46DE8}") = "ServiceTests", "ServiceTests", "{854B98FF-E2EA-4979-BFCF-27EBB4CCC3AF}"
EndProject
Project("{E24C65DC-7377-472B-9ABA-BC803B73C61A}") = "AngularSPA", "src\Web Apps\AngularSPA\", "{9A72E79E-8752-4AFF-AA85-392C060ED67A}"
	ProjectSection(WebsiteProperties) = preProject
		TargetFrameworkMoniker = ".NETFramework,Version%3Dv4.0"
		Debug.AspNetCompiler.VirtualPath = "/localhost_61327"
		Debug.AspNetCompiler.PhysicalPath = "src\Web Apps\AngularSPA\"
		Debug.AspNetCompiler.TargetPath = "PrecompiledWeb\localhost_61327\"
		Debug.AspNetCompiler.Updateable = "true"
		Debug.AspNetCompiler.ForceOverwrite = "true"
		Debug.AspNetCompiler.FixedNames = "false"
		Debug.AspNetCompiler.Debug = "True"
		Release.AspNetCompiler.VirtualPath = "/localhost_61327"
		Release.AspNetCompiler.PhysicalPath = "src\Web Apps\AngularSPA\"
		Release.AspNetCompiler.TargetPath = "PrecompiledWeb\localhost_61327\"
		Release.AspNetCompiler.Updateable = "true"
		Release.AspNetCompiler.ForceOverwrite = "true"
		Release.AspNetCompiler.FixedNames = "false"
		Release.AspNetCompiler.Debug = "False"
		VWDPort = "61327"
		SlnRelativePath = "src\Web Apps\AngularSPA\"
	EndProjectSection
EndProject
Project("{2150E333-8FDC-42A3-9474-1A3956D46DE8}") = "Pagamentos", "Pagamentos", "{C1FAC46B-148B-48A1-86F8-7A41B875D821}"
EndProject
Project("{9A19103F-16F7-4668-BE54-9A1E7A4F7556}") = "Pagamentos.Api", "src\Services\Pagamentos\Pagamentos.Api\Pagamentos.Api.csproj", "{2CBB20BB-82E5-40B8-88C4-584DA14D81A6}"
EndProject
Project("{9A19103F-16F7-4668-BE54-9A1E7A4F7556}") = "Pagamentos.Application", "src\Services\Pagamentos\Pagamentos.Application\Pagamentos.Application.csproj", "{B885DAF2-1899-4F69-B280-0D7DB5D264FF}"
EndProject
Project("{9A19103F-16F7-4668-BE54-9A1E7A4F7556}") = "Pagamentos.Domain", "src\Services\Pagamentos\Pagamentos.Domain\Pagamentos.Domain.csproj", "{7D341BA1-FAE1-4C95-B7E1-8087A5707910}"
EndProject
Project("{9A19103F-16F7-4668-BE54-9A1E7A4F7556}") = "Pagamentos.Infrastructure", "src\Services\Pagamentos\Pagamentos.Infrastructure\Pagamentos.Infrastructure.csproj", "{F20FC57E-B43E-4D80-9997-A0A7FFC85E34}"
EndProject
Project("{9A19103F-16F7-4668-BE54-9A1E7A4F7556}") = "Pagamentos.Infrastructure.Ioc", "src\Services\Pagamentos\Pagamentos.Infrastructure.Ioc\Pagamentos.Infrastructure.Ioc.csproj", "{3E5295E2-3B0B-4DBD-9B2D-58A02CABE8CC}"
EndProject
Project("{2150E333-8FDC-42A3-9474-1A3956D46DE8}") = "ApiGateways", "ApiGateways", "{A26ECBFB-EBC5-4D22-850C-3A786FB885E8}"
EndProject
Project("{2150E333-8FDC-42A3-9474-1A3956D46DE8}") = "BuildingBlocks", "BuildingBlocks", "{FEDBDE32-6E77-41AB-BD1E-F61E7FFD3970}"
EndProject
Project("{2150E333-8FDC-42A3-9474-1A3956D46DE8}") = "EventBus", "EventBus", "{6B3304DE-2956-4608-869E-367BF606E927}"
EndProject
Project("{2150E333-8FDC-42A3-9474-1A3956D46DE8}") = "Web.AngularSPA", "Web.AngularSPA", "{6DB830C6-6007-4B3D-81EF-A821D5BF1F58}"
EndProject
Project("{9A19103F-16F7-4668-BE54-9A1E7A4F7556}") = "Web.ApiGw", "src\ApiGateways\Web.AngularSPA\Web.Angular\Web.ApiGw.csproj", "{0D516E9A-7AE9-4F9E-8B50-122484B7394A}"
EndProject
Project("{FAE04EC0-301F-11D3-BF4B-00C04F79EFBC}") = "EventBusRabbitMQ", "src\BuildingBlocks\EventBus\EventBusRabbitMQ\EventBusRabbitMQ.csproj", "{0B171BE6-5AE8-4A4A-A695-7EA797BED7AA}"
EndProject
Project("{FAE04EC0-301F-11D3-BF4B-00C04F79EFBC}") = "EventBus.Integration", "src\BuildingBlocks\EventBus\EventBus.Integration\EventBus.Integration.csproj", "{57B19F77-FEB7-4D12-8A3E-9AA1E2CBD7DC}"
EndProject
Global
	GlobalSection(SolutionConfigurationPlatforms) = preSolution
		Debug|Any CPU = Debug|Any CPU
		Release|Any CPU = Release|Any CPU
	EndGlobalSection
	GlobalSection(ProjectConfigurationPlatforms) = postSolution
		{593DF2A3-A5E2-4730-B574-F9AEC1043B92}.Debug|Any CPU.ActiveCfg = Debug|Any CPU
		{593DF2A3-A5E2-4730-B574-F9AEC1043B92}.Debug|Any CPU.Build.0 = Debug|Any CPU
		{593DF2A3-A5E2-4730-B574-F9AEC1043B92}.Release|Any CPU.ActiveCfg = Release|Any CPU
		{593DF2A3-A5E2-4730-B574-F9AEC1043B92}.Release|Any CPU.Build.0 = Release|Any CPU
		{CB8D3D97-14BE-498C-AB2D-3ADEA8CD29CD}.Debug|Any CPU.ActiveCfg = Debug|Any CPU
		{CB8D3D97-14BE-498C-AB2D-3ADEA8CD29CD}.Debug|Any CPU.Build.0 = Debug|Any CPU
		{CB8D3D97-14BE-498C-AB2D-3ADEA8CD29CD}.Release|Any CPU.ActiveCfg = Release|Any CPU
		{CB8D3D97-14BE-498C-AB2D-3ADEA8CD29CD}.Release|Any CPU.Build.0 = Release|Any CPU
		{A7025DFF-D5C2-448B-8030-DFBC6EC57964}.Debug|Any CPU.ActiveCfg = Debug|Any CPU
		{A7025DFF-D5C2-448B-8030-DFBC6EC57964}.Debug|Any CPU.Build.0 = Debug|Any CPU
		{A7025DFF-D5C2-448B-8030-DFBC6EC57964}.Release|Any CPU.ActiveCfg = Release|Any CPU
		{A7025DFF-D5C2-448B-8030-DFBC6EC57964}.Release|Any CPU.Build.0 = Release|Any CPU
		{D5F0F7FA-2A9A-42B5-B687-F5B68A4B17A0}.Debug|Any CPU.ActiveCfg = Debug|Any CPU
		{D5F0F7FA-2A9A-42B5-B687-F5B68A4B17A0}.Debug|Any CPU.Build.0 = Debug|Any CPU
		{D5F0F7FA-2A9A-42B5-B687-F5B68A4B17A0}.Release|Any CPU.ActiveCfg = Release|Any CPU
		{D5F0F7FA-2A9A-42B5-B687-F5B68A4B17A0}.Release|Any CPU.Build.0 = Release|Any CPU
		{D044A3DA-1EE9-4CC3-B09A-11A517CAA167}.Debug|Any CPU.ActiveCfg = Debug|Any CPU
		{D044A3DA-1EE9-4CC3-B09A-11A517CAA167}.Debug|Any CPU.Build.0 = Debug|Any CPU
		{D044A3DA-1EE9-4CC3-B09A-11A517CAA167}.Release|Any CPU.ActiveCfg = Release|Any CPU
		{D044A3DA-1EE9-4CC3-B09A-11A517CAA167}.Release|Any CPU.Build.0 = Release|Any CPU
		{9A72E79E-8752-4AFF-AA85-392C060ED67A}.Debug|Any CPU.ActiveCfg = Debug|Any CPU
		{9A72E79E-8752-4AFF-AA85-392C060ED67A}.Release|Any CPU.ActiveCfg = Debug|Any CPU
		{9A72E79E-8752-4AFF-AA85-392C060ED67A}.Release|Any CPU.Build.0 = Debug|Any CPU
		{2CBB20BB-82E5-40B8-88C4-584DA14D81A6}.Debug|Any CPU.ActiveCfg = Debug|Any CPU
		{2CBB20BB-82E5-40B8-88C4-584DA14D81A6}.Debug|Any CPU.Build.0 = Debug|Any CPU
		{2CBB20BB-82E5-40B8-88C4-584DA14D81A6}.Release|Any CPU.ActiveCfg = Release|Any CPU
		{2CBB20BB-82E5-40B8-88C4-584DA14D81A6}.Release|Any CPU.Build.0 = Release|Any CPU
		{B885DAF2-1899-4F69-B280-0D7DB5D264FF}.Debug|Any CPU.ActiveCfg = Debug|Any CPU
		{B885DAF2-1899-4F69-B280-0D7DB5D264FF}.Debug|Any CPU.Build.0 = Debug|Any CPU
		{B885DAF2-1899-4F69-B280-0D7DB5D264FF}.Release|Any CPU.ActiveCfg = Release|Any CPU
		{B885DAF2-1899-4F69-B280-0D7DB5D264FF}.Release|Any CPU.Build.0 = Release|Any CPU
		{7D341BA1-FAE1-4C95-B7E1-8087A5707910}.Debug|Any CPU.ActiveCfg = Debug|Any CPU
		{7D341BA1-FAE1-4C95-B7E1-8087A5707910}.Debug|Any CPU.Build.0 = Debug|Any CPU
		{7D341BA1-FAE1-4C95-B7E1-8087A5707910}.Release|Any CPU.ActiveCfg = Release|Any CPU
		{7D341BA1-FAE1-4C95-B7E1-8087A5707910}.Release|Any CPU.Build.0 = Release|Any CPU
		{F20FC57E-B43E-4D80-9997-A0A7FFC85E34}.Debug|Any CPU.ActiveCfg = Debug|Any CPU
		{F20FC57E-B43E-4D80-9997-A0A7FFC85E34}.Debug|Any CPU.Build.0 = Debug|Any CPU
		{F20FC57E-B43E-4D80-9997-A0A7FFC85E34}.Release|Any CPU.ActiveCfg = Release|Any CPU
		{F20FC57E-B43E-4D80-9997-A0A7FFC85E34}.Release|Any CPU.Build.0 = Release|Any CPU
		{3E5295E2-3B0B-4DBD-9B2D-58A02CABE8CC}.Debug|Any CPU.ActiveCfg = Debug|Any CPU
		{3E5295E2-3B0B-4DBD-9B2D-58A02CABE8CC}.Debug|Any CPU.Build.0 = Debug|Any CPU
		{3E5295E2-3B0B-4DBD-9B2D-58A02CABE8CC}.Release|Any CPU.ActiveCfg = Release|Any CPU
		{3E5295E2-3B0B-4DBD-9B2D-58A02CABE8CC}.Release|Any CPU.Build.0 = Release|Any CPU
		{0D516E9A-7AE9-4F9E-8B50-122484B7394A}.Debug|Any CPU.ActiveCfg = Debug|Any CPU
		{0D516E9A-7AE9-4F9E-8B50-122484B7394A}.Debug|Any CPU.Build.0 = Debug|Any CPU
		{0D516E9A-7AE9-4F9E-8B50-122484B7394A}.Release|Any CPU.ActiveCfg = Release|Any CPU
		{0D516E9A-7AE9-4F9E-8B50-122484B7394A}.Release|Any CPU.Build.0 = Release|Any CPU
		{0B171BE6-5AE8-4A4A-A695-7EA797BED7AA}.Debug|Any CPU.ActiveCfg = Debug|Any CPU
		{0B171BE6-5AE8-4A4A-A695-7EA797BED7AA}.Debug|Any CPU.Build.0 = Debug|Any CPU
		{0B171BE6-5AE8-4A4A-A695-7EA797BED7AA}.Release|Any CPU.ActiveCfg = Release|Any CPU
		{0B171BE6-5AE8-4A4A-A695-7EA797BED7AA}.Release|Any CPU.Build.0 = Release|Any CPU
		{57B19F77-FEB7-4D12-8A3E-9AA1E2CBD7DC}.Debug|Any CPU.ActiveCfg = Debug|Any CPU
		{57B19F77-FEB7-4D12-8A3E-9AA1E2CBD7DC}.Debug|Any CPU.Build.0 = Debug|Any CPU
		{57B19F77-FEB7-4D12-8A3E-9AA1E2CBD7DC}.Release|Any CPU.ActiveCfg = Release|Any CPU
		{57B19F77-FEB7-4D12-8A3E-9AA1E2CBD7DC}.Release|Any CPU.Build.0 = Release|Any CPU
	EndGlobalSection
	GlobalSection(SolutionProperties) = preSolution
		HideSolutionNode = FALSE
	EndGlobalSection
	GlobalSection(NestedProjects) = preSolution
		{896B6686-774F-4E59-9B70-95325AB6DF24} = {760CA4CF-9417-46C5-89A7-BA57D06604C4}
		{4E156E71-B5E7-46F2-AB9E-A751A86BFA73} = {896B6686-774F-4E59-9B70-95325AB6DF24}
		{593DF2A3-A5E2-4730-B574-F9AEC1043B92} = {4E156E71-B5E7-46F2-AB9E-A751A86BFA73}
		{CB8D3D97-14BE-498C-AB2D-3ADEA8CD29CD} = {4E156E71-B5E7-46F2-AB9E-A751A86BFA73}
		{A7025DFF-D5C2-448B-8030-DFBC6EC57964} = {4E156E71-B5E7-46F2-AB9E-A751A86BFA73}
		{D5F0F7FA-2A9A-42B5-B687-F5B68A4B17A0} = {4E156E71-B5E7-46F2-AB9E-A751A86BFA73}
		{D044A3DA-1EE9-4CC3-B09A-11A517CAA167} = {4E156E71-B5E7-46F2-AB9E-A751A86BFA73}
		{B60B66CC-078A-4D6E-90DD-9E306650598D} = {760CA4CF-9417-46C5-89A7-BA57D06604C4}
		{854B98FF-E2EA-4979-BFCF-27EBB4CCC3AF} = {3064F257-B2F4-4D1A-B1C3-232E76CFD0C1}
		{9A72E79E-8752-4AFF-AA85-392C060ED67A} = {B60B66CC-078A-4D6E-90DD-9E306650598D}
		{C1FAC46B-148B-48A1-86F8-7A41B875D821} = {896B6686-774F-4E59-9B70-95325AB6DF24}
		{2CBB20BB-82E5-40B8-88C4-584DA14D81A6} = {C1FAC46B-148B-48A1-86F8-7A41B875D821}
		{B885DAF2-1899-4F69-B280-0D7DB5D264FF} = {C1FAC46B-148B-48A1-86F8-7A41B875D821}
		{7D341BA1-FAE1-4C95-B7E1-8087A5707910} = {C1FAC46B-148B-48A1-86F8-7A41B875D821}
		{F20FC57E-B43E-4D80-9997-A0A7FFC85E34} = {C1FAC46B-148B-48A1-86F8-7A41B875D821}
		{3E5295E2-3B0B-4DBD-9B2D-58A02CABE8CC} = {C1FAC46B-148B-48A1-86F8-7A41B875D821}
		{A26ECBFB-EBC5-4D22-850C-3A786FB885E8} = {760CA4CF-9417-46C5-89A7-BA57D06604C4}
		{FEDBDE32-6E77-41AB-BD1E-F61E7FFD3970} = {760CA4CF-9417-46C5-89A7-BA57D06604C4}
		{6B3304DE-2956-4608-869E-367BF606E927} = {FEDBDE32-6E77-41AB-BD1E-F61E7FFD3970}
		{6DB830C6-6007-4B3D-81EF-A821D5BF1F58} = {A26ECBFB-EBC5-4D22-850C-3A786FB885E8}
		{0D516E9A-7AE9-4F9E-8B50-122484B7394A} = {6DB830C6-6007-4B3D-81EF-A821D5BF1F58}
		{0B171BE6-5AE8-4A4A-A695-7EA797BED7AA} = {6B3304DE-2956-4608-869E-367BF606E927}
		{57B19F77-FEB7-4D12-8A3E-9AA1E2CBD7DC} = {6B3304DE-2956-4608-869E-367BF606E927}
	EndGlobalSection
	GlobalSection(ExtensibilityGlobals) = postSolution
		SolutionGuid = {8DCBBB72-0DEC-4CC9-8737-66E3F7C35137}
	EndGlobalSection
EndGlobal
